{
  "name": "JS",
  "lockfileVersion": 3,
  "requires": true,
  "packages": {
    "": {
      "dependencies": {
        "objectid": "^3.2.1"
      }
    },
    "node_modules/bson": {
      "version": "0.1.9",
      "resolved": "https://registry.npmjs.org/bson/-/bson-0.1.9.tgz",
      "integrity": "sha512-HlvXnohuuxlb/AzILVZFgGBO7658NPddPn1Q8PRC6ANHoPZKJotU0WG9+PoMjO7ZFM/e+jKbqOstXJLyIhSOgA==",
      "deprecated": "Fixed a critical issue with BSON serialization documented in CVE-2019-2391, see https://bit.ly/2KcpXdo for more details",
      "hasInstallScript": true,
      "engines": {
        "node": ">=0.6.19"
      }
    },
    "node_modules/objectid": {
      "version": "3.2.1",
      "resolved": "https://registry.npmjs.org/objectid/-/objectid-3.2.1.tgz",
      "integrity": "sha512-jt4OarkTk/N/oxUrPK/ZXm+t39sxtgxTnl8fs5IbeU80WchQi27E2zt/fu1FaWxbL+3sl980b/ELhXjcPlMf6g==",
      "license": "MIT",
      "dependencies": {
        "bson": "^0.1.9"
      }
    }
  }
}
